PODS:
  - Alamofire (5.2.2)
  - DynamicCodable (1.0)
  - KakaoSDK (2.0.1):
    - KakaoSDKAuth (= 2.0.1)
    - KakaoSDKCommon (= 2.0.1)
    - KakaoSDKLink (= 2.0.1)
    - KakaoSDKNavi (= 2.0.1)
    - KakaoSDKStory (= 2.0.1)
    - KakaoSDKTalk (= 2.0.1)
    - KakaoSDKTemplate (= 2.0.1)
    - KakaoSDKUser (= 2.0.1)
  - KakaoSDKAuth (2.0.1):
    - KakaoSDKCommon (= 2.0.1)
  - KakaoSDKCommon (2.0.1):
    - Alamofire (~> 5.1)
    - DynamicCodable (~> 1.0)
  - KakaoSDKLink (2.0.1):
    - KakaoSDKCommon (= 2.0.1)
    - KakaoSDKTemplate (= 2.0.1)
  - KakaoSDKNavi (2.0.1):
    - KakaoSDKCommon (= 2.0.1)
  - KakaoSDKStory (2.0.1):
    - KakaoSDKAuth (= 2.0.1)
    - KakaoSDKCommon (= 2.0.1)
  - KakaoSDKTalk (2.0.1):
    - KakaoSDKAuth (= 2.0.1)
    - KakaoSDKCommon (= 2.0.1)
    - KakaoSDKTemplate (= 2.0.1)
  - KakaoSDKTemplate (2.0.1):
    - KakaoSDKCommon (= 2.0.1)
  - KakaoSDKUser (2.0.1):
    - KakaoSDKAuth (= 2.0.1)
    - KakaoSDKCommon (= 2.0.1)
  - Kingfisher (5.15.0):
    - Kingfisher/Core (= 5.15.0)
  - Kingfisher/Core (5.15.0)
  - NMapsMap (3.9.1)
  - SwiftLint (0.40.1)

DEPENDENCIES:
  - KakaoSDK
  - Kingfisher (~> 5.0)
  - NMapsMap
  - SwiftLint

SPEC REPOS:
  trunk:
    - Alamofire
    - DynamicCodable
    - KakaoSDK
    - KakaoSDKAuth
    - KakaoSDKCommon
    - KakaoSDKLink
    - KakaoSDKNavi
    - KakaoSDKStory
    - KakaoSDKTalk
    - KakaoSDKTemplate
    - KakaoSDKUser
    - Kingfisher
    - NMapsMap
    - SwiftLint

SPEC CHECKSUMS:
  Alamofire: 814429acc853c6c54ff123fc3d2ef66803823ce0
  DynamicCodable: 2cf558d057b3e6540552943254e1c9eeb706dde2
  KakaoSDK: 000d22a13a32e25c31d36d42667640b9c21f48be
  KakaoSDKAuth: b0164328e032efe30531050f1cbf383a8b15c177
  KakaoSDKCommon: 2a0cddcf8e606a874c02fd212efd50ef06d6189d
  KakaoSDKLink: 85d8366c473ced95943870f7078babe1c9c4dae5
  KakaoSDKNavi: d4499d20dff37e86a56a1fb2a69d3453cb775d02
  KakaoSDKStory: ed351ad079049c13a0e6e5434eece8369bd3e236
  KakaoSDKTalk: 1c63b8e74b4069a9ebb692210e426fa9187fe51b
  KakaoSDKTemplate: 1a8390dfeb57633acf12266662f132ff9d0a384a
  KakaoSDKUser: 8bd45ea9da54ba877cf057589c4ef47f67773c53
  Kingfisher: 1acb67597a520c2d0310677e66d6e0af455ef757
  NMapsMap: 4ecd6f5e834dfa75e73084d93854ee97c9ed849d
  SwiftLint: bbfed21bf4451dcbd0f5cdbee44a18e06cf91b12

PODFILE CHECKSUM: 0b96e83e406e79a687c6534c451df22ec05c7291

COCOAPODS: 1.10.0
