// !$*UTF8*$!
{
	archiveVersion = 1;
	classes = {
	};
	objectVersion = 51;
	objects = {

/* Begin PBXBuildFile section */
		185D45C824FA657D001860E7 /* ActivityRecommendVC.swift in Sources */ = {isa = PBXBuildFile; fileRef = 185D45C724FA657D001860E7 /* ActivityRecommendVC.swift */; };
		187C1302250286C2004FD60B /* ActivityListService.swift in Sources */ = {isa = PBXBuildFile; fileRef = 187C1301250286C2004FD60B /* ActivityListService.swift */; };
		187C130425064F88004FD60B /* RecommendFeedService.swift in Sources */ = {isa = PBXBuildFile; fileRef = 187C130325064F88004FD60B /* RecommendFeedService.swift */; };
		187C1306250650A0004FD60B /* RecommendFeedModel.swift in Sources */ = {isa = PBXBuildFile; fileRef = 187C1305250650A0004FD60B /* RecommendFeedModel.swift */; };
		187C13082506559D004FD60B /* RecommendActivityModel.swift in Sources */ = {isa = PBXBuildFile; fileRef = 187C13072506559D004FD60B /* RecommendActivityModel.swift */; };
		187C130A25065E5D004FD60B /* RecommendActivityService.swift in Sources */ = {isa = PBXBuildFile; fileRef = 187C130925065E5D004FD60B /* RecommendActivityService.swift */; };
		187C1313250A1A2B004FD60B /* ActivityDetailModel.swift in Sources */ = {isa = PBXBuildFile; fileRef = 187C1312250A1A2B004FD60B /* ActivityDetailModel.swift */; };
		187C1315250B564A004FD60B /* ActivityDetailService.swift in Sources */ = {isa = PBXBuildFile; fileRef = 187C1314250B564A004FD60B /* ActivityDetailService.swift */; };
		187C131D250CA710004FD60B /* NanumSquareRoundR.ttf in Resources */ = {isa = PBXBuildFile; fileRef = 187C1319250CA710004FD60B /* NanumSquareRoundR.ttf */; };
		187C131E250CA710004FD60B /* NanumSquareRoundL.ttf in Resources */ = {isa = PBXBuildFile; fileRef = 187C131A250CA710004FD60B /* NanumSquareRoundL.ttf */; };
		187C131F250CA710004FD60B /* NanumSquareRoundEB.ttf in Resources */ = {isa = PBXBuildFile; fileRef = 187C131B250CA710004FD60B /* NanumSquareRoundEB.ttf */; };
		187C1320250CA710004FD60B /* NanumSquareRoundB.ttf in Resources */ = {isa = PBXBuildFile; fileRef = 187C131C250CA710004FD60B /* NanumSquareRoundB.ttf */; };
		187C1322250CB6F1004FD60B /* TastesModel.swift in Sources */ = {isa = PBXBuildFile; fileRef = 187C1321250CB6F1004FD60B /* TastesModel.swift */; };
		187C1324250CBB4F004FD60B /* TastesService.swift in Sources */ = {isa = PBXBuildFile; fileRef = 187C1323250CBB4F004FD60B /* TastesService.swift */; };
		187C1326250FCDF7004FD60B /* CommentCell.swift in Sources */ = {isa = PBXBuildFile; fileRef = 187C1325250FCDF7004FD60B /* CommentCell.swift */; };
		187C1328250FD212004FD60B /* CommentModel.swift in Sources */ = {isa = PBXBuildFile; fileRef = 187C1327250FD212004FD60B /* CommentModel.swift */; };
		187FEED724FCD6AA00476D89 /* DisplayDetailCell.swift in Sources */ = {isa = PBXBuildFile; fileRef = 187FEED624FCD6AA00476D89 /* DisplayDetailCell.swift */; };
		18981F9724F90C4C00D6A921 /* ActivityListVC.swift in Sources */ = {isa = PBXBuildFile; fileRef = 18981F9624F90C4C00D6A921 /* ActivityListVC.swift */; };
		18981F9924F90E4600D6A921 /* ActivityTableViewCell.swift in Sources */ = {isa = PBXBuildFile; fileRef = 18981F9824F90E4600D6A921 /* ActivityTableViewCell.swift */; };
		18981F9B24F9104900D6A921 /* ActivityListModel.swift in Sources */ = {isa = PBXBuildFile; fileRef = 18981F9A24F9104900D6A921 /* ActivityListModel.swift */; };
		18981F9D24FA4BD900D6A921 /* ActivityList.storyboard in Resources */ = {isa = PBXBuildFile; fileRef = 18981F9C24FA4BD900D6A921 /* ActivityList.storyboard */; };
		18981F9F24FA5CBD00D6A921 /* ActivityRecommend.storyboard in Resources */ = {isa = PBXBuildFile; fileRef = 18981F9E24FA5CBD00D6A921 /* ActivityRecommend.storyboard */; };
		33B85403B84CB70CCCF3B7E8 /* Pods_cozy.framework in Frameworks */ = {isa = PBXBuildFile; fileRef = 693EA2F950DEF536626A6863 /* Pods_cozy.framework */; };
		B6208C9E25066BA700185624 /* MapCountModel.swift in Sources */ = {isa = PBXBuildFile; fileRef = B6208C9D25066BA700185624 /* MapCountModel.swift */; };
		B6208CA125066C2300185624 /* MapCountService.swift in Sources */ = {isa = PBXBuildFile; fileRef = B6208CA025066C2300185624 /* MapCountService.swift */; };
		B6208CA3250674E100185624 /* MapListModel.swift in Sources */ = {isa = PBXBuildFile; fileRef = B6208CA2250674E100185624 /* MapListModel.swift */; };
		B6208CA5250675BB00185624 /* MapListService.swift in Sources */ = {isa = PBXBuildFile; fileRef = B6208CA4250675BB00185624 /* MapListService.swift */; };
		B631283425075C01003D33E3 /* KakaoLoginModel.swift in Sources */ = {isa = PBXBuildFile; fileRef = B631283325075C01003D33E3 /* KakaoLoginModel.swift */; };
		B631283625075D66003D33E3 /* KakaoLoginService.swift in Sources */ = {isa = PBXBuildFile; fileRef = B631283525075D66003D33E3 /* KakaoLoginService.swift */; };
		B646AF4524EBFE4B00AC96A9 /* AppDelegate.swift in Sources */ = {isa = PBXBuildFile; fileRef = B646AF4424EBFE4B00AC96A9 /* AppDelegate.swift */; };
		B646AF4724EBFE4B00AC96A9 /* SceneDelegate.swift in Sources */ = {isa = PBXBuildFile; fileRef = B646AF4624EBFE4B00AC96A9 /* SceneDelegate.swift */; };
		B646AF4C24EBFE4B00AC96A9 /* Main.storyboard in Resources */ = {isa = PBXBuildFile; fileRef = B646AF4A24EBFE4B00AC96A9 /* Main.storyboard */; };
		B646AF4F24EBFE4B00AC96A9 /* cozy.xcdatamodeld in Sources */ = {isa = PBXBuildFile; fileRef = B646AF4D24EBFE4B00AC96A9 /* cozy.xcdatamodeld */; };
		B646AF5124EBFE4C00AC96A9 /* Assets.xcassets in Resources */ = {isa = PBXBuildFile; fileRef = B646AF5024EBFE4C00AC96A9 /* Assets.xcassets */; };
		B646AF5424EBFE4C00AC96A9 /* LaunchScreen.storyboard in Resources */ = {isa = PBXBuildFile; fileRef = B646AF5224EBFE4C00AC96A9 /* LaunchScreen.storyboard */; };
		B646AF5C24EBFED800AC96A9 /* .swiftlint.yml in Resources */ = {isa = PBXBuildFile; fileRef = B646AF5B24EBFED800AC96A9 /* .swiftlint.yml */; };
		B646AF6224EBFFEB00AC96A9 /* UIColor+Extensions.swift in Sources */ = {isa = PBXBuildFile; fileRef = B646AF6124EBFFEB00AC96A9 /* UIColor+Extensions.swift */; };
		B646AF6824EC00C800AC96A9 /* APIConstants.swift in Sources */ = {isa = PBXBuildFile; fileRef = B646AF6724EC00C800AC96A9 /* APIConstants.swift */; };
		B646AF6A24EC00E900AC96A9 /* NetworkResult.swift in Sources */ = {isa = PBXBuildFile; fileRef = B646AF6924EC00E900AC96A9 /* NetworkResult.swift */; };
		B646AF7024EC02FB00AC96A9 /* Recommend.storyboard in Resources */ = {isa = PBXBuildFile; fileRef = B646AF6F24EC02FB00AC96A9 /* Recommend.storyboard */; };
		B646AF7324EC030B00AC96A9 /* Map.storyboard in Resources */ = {isa = PBXBuildFile; fileRef = B646AF7224EC030B00AC96A9 /* Map.storyboard */; };
		B646AF7524EC031500AC96A9 /* Activity.storyboard in Resources */ = {isa = PBXBuildFile; fileRef = B646AF7424EC031500AC96A9 /* Activity.storyboard */; };
		B646AF7724EC031F00AC96A9 /* Mypage.storyboard in Resources */ = {isa = PBXBuildFile; fileRef = B646AF7624EC031F00AC96A9 /* Mypage.storyboard */; };
		B646AF7D24EC037000AC96A9 /* RecommendVC.swift in Sources */ = {isa = PBXBuildFile; fileRef = B646AF7C24EC037000AC96A9 /* RecommendVC.swift */; };
		B646AF7F24EC037F00AC96A9 /* MapVC.swift in Sources */ = {isa = PBXBuildFile; fileRef = B646AF7E24EC037F00AC96A9 /* MapVC.swift */; };
		B646AF8124EC039200AC96A9 /* ActivityVC.swift in Sources */ = {isa = PBXBuildFile; fileRef = B646AF8024EC039200AC96A9 /* ActivityVC.swift */; };
		B646AF8324EC03A500AC96A9 /* MypageVC.swift in Sources */ = {isa = PBXBuildFile; fileRef = B646AF8224EC03A500AC96A9 /* MypageVC.swift */; };
		B64940A524F1750E0052A21F /* MainNavController.swift in Sources */ = {isa = PBXBuildFile; fileRef = B64940A424F1750E0052A21F /* MainNavController.swift */; };
		B64940A724F186380052A21F /* MypageNavController.swift in Sources */ = {isa = PBXBuildFile; fileRef = B64940A624F186380052A21F /* MypageNavController.swift */; };
		B64940A924F189780052A21F /* recommendCell.swift in Sources */ = {isa = PBXBuildFile; fileRef = B64940A824F189780052A21F /* recommendCell.swift */; };
		B64940AB24F18A3B0052A21F /* bookstoreCell.swift in Sources */ = {isa = PBXBuildFile; fileRef = B64940AA24F18A3B0052A21F /* bookstoreCell.swift */; };
		B649CCE724FAAEFE0032AF31 /* NSObject+Extensions.swift in Sources */ = {isa = PBXBuildFile; fileRef = B649CCE624FAAEFE0032AF31 /* NSObject+Extensions.swift */; };
		B649CCEC24FAB1E20032AF31 /* BookListCell.swift in Sources */ = {isa = PBXBuildFile; fileRef = B649CCEA24FAB1E20032AF31 /* BookListCell.swift */; };
		B649CCED24FAB1E20032AF31 /* BookListCell.xib in Resources */ = {isa = PBXBuildFile; fileRef = B649CCEB24FAB1E20032AF31 /* BookListCell.xib */; };
		B649CCF224FAB6AB0032AF31 /* BookDetail.storyboard in Resources */ = {isa = PBXBuildFile; fileRef = B649CCF124FAB6AB0032AF31 /* BookDetail.storyboard */; };
		B649CCF424FAB6C80032AF31 /* BookDetailVC.swift in Sources */ = {isa = PBXBuildFile; fileRef = B649CCF324FAB6C80032AF31 /* BookDetailVC.swift */; };
		B64AF18F24FD5C100015F2A7 /* OnboardingVC.swift in Sources */ = {isa = PBXBuildFile; fileRef = B64AF18E24FD5C100015F2A7 /* OnboardingVC.swift */; };
		B64AF19224FD5C270015F2A7 /* Onboarding.storyboard in Resources */ = {isa = PBXBuildFile; fileRef = B64AF19124FD5C270015F2A7 /* Onboarding.storyboard */; };
		B65058442507FB8F00D832E1 /* UpdateInterestModel.swift in Sources */ = {isa = PBXBuildFile; fileRef = B65058432507FB8F00D832E1 /* UpdateInterestModel.swift */; };
		B65058462507FC1700D832E1 /* UpdateInterestService.swift in Sources */ = {isa = PBXBuildFile; fileRef = B65058452507FC1700D832E1 /* UpdateInterestService.swift */; };
		B658A3A9250152C40076BCD4 /* OnboardingIntro.storyboard in Resources */ = {isa = PBXBuildFile; fileRef = B658A3A8250152C40076BCD4 /* OnboardingIntro.storyboard */; };
		B658A3AB250152DA0076BCD4 /* OnboardingIntroVC.swift in Sources */ = {isa = PBXBuildFile; fileRef = B658A3AA250152DA0076BCD4 /* OnboardingIntroVC.swift */; };
		B658A3AD250154690076BCD4 /* OnboardingSlider.swift in Sources */ = {isa = PBXBuildFile; fileRef = B658A3AC250154690076BCD4 /* OnboardingSlider.swift */; };
		B658A3B1250156780076BCD4 /* onboardcell1.swift in Sources */ = {isa = PBXBuildFile; fileRef = B658A3AF250156780076BCD4 /* onboardcell1.swift */; };
		B658A3B2250156780076BCD4 /* onboardcell1.xib in Resources */ = {isa = PBXBuildFile; fileRef = B658A3B0250156780076BCD4 /* onboardcell1.xib */; };
		B658A3B52501568C0076BCD4 /* onboardcell2.swift in Sources */ = {isa = PBXBuildFile; fileRef = B658A3B32501568C0076BCD4 /* onboardcell2.swift */; };
		B658A3B62501568C0076BCD4 /* onboardcell2.xib in Resources */ = {isa = PBXBuildFile; fileRef = B658A3B42501568C0076BCD4 /* onboardcell2.xib */; };
		B658A3B9250156A50076BCD4 /* onboardcell3.swift in Sources */ = {isa = PBXBuildFile; fileRef = B658A3B7250156A50076BCD4 /* onboardcell3.swift */; };
		B658A3BA250156A50076BCD4 /* onboardcell3.xib in Resources */ = {isa = PBXBuildFile; fileRef = B658A3B8250156A50076BCD4 /* onboardcell3.xib */; };
		B658A3C1250157110076BCD4 /* onboardcell4.swift in Sources */ = {isa = PBXBuildFile; fileRef = B658A3BF250157110076BCD4 /* onboardcell4.swift */; };
		B658A3C2250157110076BCD4 /* onboardcell4.xib in Resources */ = {isa = PBXBuildFile; fileRef = B658A3C0250157110076BCD4 /* onboardcell4.xib */; };
		B658A3C5250168240076BCD4 /* Login.storyboard in Resources */ = {isa = PBXBuildFile; fileRef = B658A3C4250168240076BCD4 /* Login.storyboard */; };
		B658A3C8250168450076BCD4 /* LoginVC.swift in Sources */ = {isa = PBXBuildFile; fileRef = B658A3C7250168450076BCD4 /* LoginVC.swift */; };
		B658A3CA25016AF40076BCD4 /* MainTabVC.swift in Sources */ = {isa = PBXBuildFile; fileRef = B658A3C925016AF40076BCD4 /* MainTabVC.swift */; };
		B66A95CD250CCFBA0033E9F2 /* AppleLoginModel.swift in Sources */ = {isa = PBXBuildFile; fileRef = B66A95CC250CCFBA0033E9F2 /* AppleLoginModel.swift */; };
		B66A95CF250CCFF50033E9F2 /* AppleLoginService.swift in Sources */ = {isa = PBXBuildFile; fileRef = B66A95CE250CCFF50033E9F2 /* AppleLoginService.swift */; };
		B66A95D1250D4C410033E9F2 /* Splash.storyboard in Resources */ = {isa = PBXBuildFile; fileRef = B66A95D0250D4C410033E9F2 /* Splash.storyboard */; };
		B66A95D3250D4C8D0033E9F2 /* SplashVC.swift in Sources */ = {isa = PBXBuildFile; fileRef = B66A95D2250D4C8D0033E9F2 /* SplashVC.swift */; };
		B66E0A802513C50B00C4BAFF /* UIImageView+Extensions.swift in Sources */ = {isa = PBXBuildFile; fileRef = B66E0A7F2513C50B00C4BAFF /* UIImageView+Extensions.swift */; };
		B6985F1624FAC682002A3E6B /* detailCell1.swift in Sources */ = {isa = PBXBuildFile; fileRef = B6985F1424FAC682002A3E6B /* detailCell1.swift */; };
		B6985F1724FAC682002A3E6B /* detailCell1.xib in Resources */ = {isa = PBXBuildFile; fileRef = B6985F1524FAC682002A3E6B /* detailCell1.xib */; };
		B6985F1A24FAC81B002A3E6B /* detailCell2.swift in Sources */ = {isa = PBXBuildFile; fileRef = B6985F1824FAC81B002A3E6B /* detailCell2.swift */; };
		B6985F1B24FAC81B002A3E6B /* detailCell2.xib in Resources */ = {isa = PBXBuildFile; fileRef = B6985F1924FAC81B002A3E6B /* detailCell2.xib */; };
		B6A0BFAE24FC1EAF00D0083D /* MapSelectVC.swift in Sources */ = {isa = PBXBuildFile; fileRef = B6A0BFAD24FC1EAF00D0083D /* MapSelectVC.swift */; };
		B6A0BFB024FC26DD00D0083D /* RegionCell.swift in Sources */ = {isa = PBXBuildFile; fileRef = B6A0BFAF24FC26DD00D0083D /* RegionCell.swift */; };
		B6A487AE24F812F50058025C /* MapSelectCell.swift in Sources */ = {isa = PBXBuildFile; fileRef = B6A487AD24F812F50058025C /* MapSelectCell.swift */; };
		B6B1E1CA24FED56A00E60FB0 /* detailCell3.swift in Sources */ = {isa = PBXBuildFile; fileRef = B6B1E1C824FED56A00E60FB0 /* detailCell3.swift */; };
		B6B1E1CB24FED56A00E60FB0 /* detailCell3.xib in Resources */ = {isa = PBXBuildFile; fileRef = B6B1E1C924FED56A00E60FB0 /* detailCell3.xib */; };
		B6C424AE2503CDDC00AAE393 /* KakaoLoginVC.swift in Sources */ = {isa = PBXBuildFile; fileRef = B6C424AD2503CDDC00AAE393 /* KakaoLoginVC.swift */; };
		B6C424B2250514F200AAE393 /* RecommendListModel.swift in Sources */ = {isa = PBXBuildFile; fileRef = B6C424B1250514F200AAE393 /* RecommendListModel.swift */; };
		B6C424B6250516E300AAE393 /* RecommendListService.swift in Sources */ = {isa = PBXBuildFile; fileRef = B6C424B5250516E300AAE393 /* RecommendListService.swift */; };
		B6C424B825054CFF00AAE393 /* BookstoreDetailModel.swift in Sources */ = {isa = PBXBuildFile; fileRef = B6C424B725054CFF00AAE393 /* BookstoreDetailModel.swift */; };
		B6C424BA25054DD500AAE393 /* BookstoreDetailService.swift in Sources */ = {isa = PBXBuildFile; fileRef = B6C424B925054DD500AAE393 /* BookstoreDetailService.swift */; };
		B6F2EE8E2514032B005CCF4C /* EventModel.swift in Sources */ = {isa = PBXBuildFile; fileRef = B6F2EE8D2514032B005CCF4C /* EventModel.swift */; };
		B6F3CE02250FF70700B0A7CD /* NSNotification+Extensions.swift in Sources */ = {isa = PBXBuildFile; fileRef = B6F3CE01250FF70700B0A7CD /* NSNotification+Extensions.swift */; };
		B6F3CE04251005C500B0A7CD /* MypageInterestModel.swift in Sources */ = {isa = PBXBuildFile; fileRef = B6F3CE03251005C500B0A7CD /* MypageInterestModel.swift */; };
		B6F3CE06251006DD00B0A7CD /* MypageInterestService.swift in Sources */ = {isa = PBXBuildFile; fileRef = B6F3CE05251006DD00B0A7CD /* MypageInterestService.swift */; };
		B6F4140F24F1A09B009863D7 /* UIView+Extensions.swift in Sources */ = {isa = PBXBuildFile; fileRef = B6F4140E24F1A09B009863D7 /* UIView+Extensions.swift */; };
		B6F4141124F1A256009863D7 /* UIButton+Extensions.swift in Sources */ = {isa = PBXBuildFile; fileRef = B6F4141024F1A256009863D7 /* UIButton+Extensions.swift */; };
		CC05FEC324F5590F008747B6 /* recentCell.swift in Sources */ = {isa = PBXBuildFile; fileRef = CC05FEC224F5590F008747B6 /* recentCell.swift */; };
		CC263CFC250DFD90001F6BF5 /* MypageRecentService.swift in Sources */ = {isa = PBXBuildFile; fileRef = CC263CFB250DFD90001F6BF5 /* MypageRecentService.swift */; };
		CC263CFE250DFDAA001F6BF5 /* MypageInfoService.swift in Sources */ = {isa = PBXBuildFile; fileRef = CC263CFD250DFDAA001F6BF5 /* MypageInfoService.swift */; };
		CC263D00250DFDE6001F6BF5 /* MypageInfoModel.swift in Sources */ = {isa = PBXBuildFile; fileRef = CC263CFF250DFDE6001F6BF5 /* MypageInfoModel.swift */; };
		CC263D02250DFE41001F6BF5 /* MypageRecentModel.swift in Sources */ = {isa = PBXBuildFile; fileRef = CC263D01250DFE41001F6BF5 /* MypageRecentModel.swift */; };
		CCA0FB2824FE9A9E006B1F5B /* InterestVC.swift in Sources */ = {isa = PBXBuildFile; fileRef = CCA0FB2724FE9A9E006B1F5B /* InterestVC.swift */; };
		CCBBD2D525071BA3006A73FA /* NoticeVC.swift in Sources */ = {isa = PBXBuildFile; fileRef = CCBBD2D425071BA3006A73FA /* NoticeVC.swift */; };
		CCBBD2D725071C03006A73FA /* EventVC.swift in Sources */ = {isa = PBXBuildFile; fileRef = CCBBD2D625071C03006A73FA /* EventVC.swift */; };
		CCBBD2D925072A5A006A73FA /* noticeTitleCell.swift in Sources */ = {isa = PBXBuildFile; fileRef = CCBBD2D825072A5A006A73FA /* noticeTitleCell.swift */; };
		CCBBD2DB25072A6F006A73FA /* noticeContentCell.swift in Sources */ = {isa = PBXBuildFile; fileRef = CCBBD2DA25072A6F006A73FA /* noticeContentCell.swift */; };
		CCBBD2DD25073FE4006A73FA /* NoticeModel.swift in Sources */ = {isa = PBXBuildFile; fileRef = CCBBD2DC25073FE4006A73FA /* NoticeModel.swift */; };
		CCBBD2E125074A9C006A73FA /* eventTitleCell.swift in Sources */ = {isa = PBXBuildFile; fileRef = CCBBD2E025074A9C006A73FA /* eventTitleCell.swift */; };
		CCBBD2E325074B08006A73FA /* eventContentCell.swift in Sources */ = {isa = PBXBuildFile; fileRef = CCBBD2E225074B08006A73FA /* eventContentCell.swift */; };
/* End PBXBuildFile section */

/* Begin PBXFileReference section */
		185D45C724FA657D001860E7 /* ActivityRecommendVC.swift */ = {isa = PBXFileReference; lastKnownFileType = sourcecode.swift; path = ActivityRecommendVC.swift; sourceTree = "<group>"; };
		187C1301250286C2004FD60B /* ActivityListService.swift */ = {isa = PBXFileReference; lastKnownFileType = sourcecode.swift; path = ActivityListService.swift; sourceTree = "<group>"; };
		187C130325064F88004FD60B /* RecommendFeedService.swift */ = {isa = PBXFileReference; lastKnownFileType = sourcecode.swift; path = RecommendFeedService.swift; sourceTree = "<group>"; };
		187C1305250650A0004FD60B /* RecommendFeedModel.swift */ = {isa = PBXFileReference; lastKnownFileType = sourcecode.swift; path = RecommendFeedModel.swift; sourceTree = "<group>"; };
		187C13072506559D004FD60B /* RecommendActivityModel.swift */ = {isa = PBXFileReference; lastKnownFileType = sourcecode.swift; path = RecommendActivityModel.swift; sourceTree = "<group>"; };
		187C130925065E5D004FD60B /* RecommendActivityService.swift */ = {isa = PBXFileReference; lastKnownFileType = sourcecode.swift; path = RecommendActivityService.swift; sourceTree = "<group>"; };
		187C1312250A1A2B004FD60B /* ActivityDetailModel.swift */ = {isa = PBXFileReference; lastKnownFileType = sourcecode.swift; path = ActivityDetailModel.swift; sourceTree = "<group>"; };
		187C1314250B564A004FD60B /* ActivityDetailService.swift */ = {isa = PBXFileReference; lastKnownFileType = sourcecode.swift; path = ActivityDetailService.swift; sourceTree = "<group>"; };
		187C1319250CA710004FD60B /* NanumSquareRoundR.ttf */ = {isa = PBXFileReference; lastKnownFileType = file; path = NanumSquareRoundR.ttf; sourceTree = "<group>"; };
		187C131A250CA710004FD60B /* NanumSquareRoundL.ttf */ = {isa = PBXFileReference; lastKnownFileType = file; path = NanumSquareRoundL.ttf; sourceTree = "<group>"; };
		187C131B250CA710004FD60B /* NanumSquareRoundEB.ttf */ = {isa = PBXFileReference; lastKnownFileType = file; path = NanumSquareRoundEB.ttf; sourceTree = "<group>"; };
		187C131C250CA710004FD60B /* NanumSquareRoundB.ttf */ = {isa = PBXFileReference; lastKnownFileType = file; path = NanumSquareRoundB.ttf; sourceTree = "<group>"; };
		187C1321250CB6F1004FD60B /* TastesModel.swift */ = {isa = PBXFileReference; lastKnownFileType = sourcecode.swift; path = TastesModel.swift; sourceTree = "<group>"; };
		187C1323250CBB4F004FD60B /* TastesService.swift */ = {isa = PBXFileReference; lastKnownFileType = sourcecode.swift; path = TastesService.swift; sourceTree = "<group>"; };
		187C1325250FCDF7004FD60B /* CommentCell.swift */ = {isa = PBXFileReference; lastKnownFileType = sourcecode.swift; path = CommentCell.swift; sourceTree = "<group>"; };
		187C1327250FD212004FD60B /* CommentModel.swift */ = {isa = PBXFileReference; lastKnownFileType = sourcecode.swift; path = CommentModel.swift; sourceTree = "<group>"; };
		187FEED624FCD6AA00476D89 /* DisplayDetailCell.swift */ = {isa = PBXFileReference; lastKnownFileType = sourcecode.swift; path = DisplayDetailCell.swift; sourceTree = "<group>"; };
		18981F9624F90C4C00D6A921 /* ActivityListVC.swift */ = {isa = PBXFileReference; lastKnownFileType = sourcecode.swift; path = ActivityListVC.swift; sourceTree = "<group>"; };
		18981F9824F90E4600D6A921 /* ActivityTableViewCell.swift */ = {isa = PBXFileReference; lastKnownFileType = sourcecode.swift; path = ActivityTableViewCell.swift; sourceTree = "<group>"; };
		18981F9A24F9104900D6A921 /* ActivityListModel.swift */ = {isa = PBXFileReference; lastKnownFileType = sourcecode.swift; path = ActivityListModel.swift; sourceTree = "<group>"; };
		18981F9C24FA4BD900D6A921 /* ActivityList.storyboard */ = {isa = PBXFileReference; lastKnownFileType = file.storyboard; path = ActivityList.storyboard; sourceTree = "<group>"; };
		18981F9E24FA5CBD00D6A921 /* ActivityRecommend.storyboard */ = {isa = PBXFileReference; lastKnownFileType = file.storyboard; path = ActivityRecommend.storyboard; sourceTree = "<group>"; };
		693EA2F950DEF536626A6863 /* Pods_cozy.framework */ = {isa = PBXFileReference; explicitFileType = wrapper.framework; includeInIndex = 0; path = Pods_cozy.framework; sourceTree = BUILT_PRODUCTS_DIR; };
		79EA692FCFEDD58231F78E42 /* Pods-cozy.debug.xcconfig */ = {isa = PBXFileReference; includeInIndex = 1; lastKnownFileType = text.xcconfig; name = "Pods-cozy.debug.xcconfig"; path = "Target Support Files/Pods-cozy/Pods-cozy.debug.xcconfig"; sourceTree = "<group>"; };
		B6208C9D25066BA700185624 /* MapCountModel.swift */ = {isa = PBXFileReference; lastKnownFileType = sourcecode.swift; path = MapCountModel.swift; sourceTree = "<group>"; };
		B6208CA025066C2300185624 /* MapCountService.swift */ = {isa = PBXFileReference; lastKnownFileType = sourcecode.swift; path = MapCountService.swift; sourceTree = "<group>"; };
		B6208CA2250674E100185624 /* MapListModel.swift */ = {isa = PBXFileReference; lastKnownFileType = sourcecode.swift; path = MapListModel.swift; sourceTree = "<group>"; };
		B6208CA4250675BB00185624 /* MapListService.swift */ = {isa = PBXFileReference; lastKnownFileType = sourcecode.swift; path = MapListService.swift; sourceTree = "<group>"; };
		B631283325075C01003D33E3 /* KakaoLoginModel.swift */ = {isa = PBXFileReference; lastKnownFileType = sourcecode.swift; path = KakaoLoginModel.swift; sourceTree = "<group>"; };
		B631283525075D66003D33E3 /* KakaoLoginService.swift */ = {isa = PBXFileReference; lastKnownFileType = sourcecode.swift; path = KakaoLoginService.swift; sourceTree = "<group>"; };
		B631283825077A7F003D33E3 /* cozy.entitlements */ = {isa = PBXFileReference; lastKnownFileType = text.plist.entitlements; path = cozy.entitlements; sourceTree = "<group>"; };
		B646AF4124EBFE4B00AC96A9 /* cozy.app */ = {isa = PBXFileReference; explicitFileType = wrapper.application; includeInIndex = 0; path = cozy.app; sourceTree = BUILT_PRODUCTS_DIR; };
		B646AF4424EBFE4B00AC96A9 /* AppDelegate.swift */ = {isa = PBXFileReference; lastKnownFileType = sourcecode.swift; path = AppDelegate.swift; sourceTree = "<group>"; };
		B646AF4624EBFE4B00AC96A9 /* SceneDelegate.swift */ = {isa = PBXFileReference; lastKnownFileType = sourcecode.swift; path = SceneDelegate.swift; sourceTree = "<group>"; };
		B646AF4B24EBFE4B00AC96A9 /* Base */ = {isa = PBXFileReference; lastKnownFileType = file.storyboard; name = Base; path = Base.lproj/Main.storyboard; sourceTree = "<group>"; };
		B646AF4E24EBFE4B00AC96A9 /* cozy.xcdatamodel */ = {isa = PBXFileReference; lastKnownFileType = wrapper.xcdatamodel; path = cozy.xcdatamodel; sourceTree = "<group>"; };
		B646AF5024EBFE4C00AC96A9 /* Assets.xcassets */ = {isa = PBXFileReference; lastKnownFileType = folder.assetcatalog; path = Assets.xcassets; sourceTree = "<group>"; };
		B646AF5324EBFE4C00AC96A9 /* Base */ = {isa = PBXFileReference; lastKnownFileType = file.storyboard; name = Base; path = Base.lproj/LaunchScreen.storyboard; sourceTree = "<group>"; };
		B646AF5524EBFE4C00AC96A9 /* Info.plist */ = {isa = PBXFileReference; lastKnownFileType = text.plist.xml; path = Info.plist; sourceTree = "<group>"; };
		B646AF5B24EBFED800AC96A9 /* .swiftlint.yml */ = {isa = PBXFileReference; lastKnownFileType = text.yaml; path = .swiftlint.yml; sourceTree = "<group>"; };
		B646AF6124EBFFEB00AC96A9 /* UIColor+Extensions.swift */ = {isa = PBXFileReference; lastKnownFileType = sourcecode.swift; path = "UIColor+Extensions.swift"; sourceTree = "<group>"; };
		B646AF6724EC00C800AC96A9 /* APIConstants.swift */ = {isa = PBXFileReference; lastKnownFileType = sourcecode.swift; path = APIConstants.swift; sourceTree = "<group>"; };
		B646AF6924EC00E900AC96A9 /* NetworkResult.swift */ = {isa = PBXFileReference; lastKnownFileType = sourcecode.swift; path = NetworkResult.swift; sourceTree = "<group>"; };
		B646AF6F24EC02FB00AC96A9 /* Recommend.storyboard */ = {isa = PBXFileReference; lastKnownFileType = file.storyboard; path = Recommend.storyboard; sourceTree = "<group>"; };
		B646AF7224EC030B00AC96A9 /* Map.storyboard */ = {isa = PBXFileReference; lastKnownFileType = file.storyboard; path = Map.storyboard; sourceTree = "<group>"; };
		B646AF7424EC031500AC96A9 /* Activity.storyboard */ = {isa = PBXFileReference; lastKnownFileType = file.storyboard; path = Activity.storyboard; sourceTree = "<group>"; };
		B646AF7624EC031F00AC96A9 /* Mypage.storyboard */ = {isa = PBXFileReference; lastKnownFileType = file.storyboard; path = Mypage.storyboard; sourceTree = "<group>"; };
		B646AF7C24EC037000AC96A9 /* RecommendVC.swift */ = {isa = PBXFileReference; lastKnownFileType = sourcecode.swift; path = RecommendVC.swift; sourceTree = "<group>"; };
		B646AF7E24EC037F00AC96A9 /* MapVC.swift */ = {isa = PBXFileReference; lastKnownFileType = sourcecode.swift; path = MapVC.swift; sourceTree = "<group>"; };
		B646AF8024EC039200AC96A9 /* ActivityVC.swift */ = {isa = PBXFileReference; lastKnownFileType = sourcecode.swift; path = ActivityVC.swift; sourceTree = "<group>"; };
		B646AF8224EC03A500AC96A9 /* MypageVC.swift */ = {isa = PBXFileReference; lastKnownFileType = sourcecode.swift; path = MypageVC.swift; sourceTree = "<group>"; };
		B64940A424F1750E0052A21F /* MainNavController.swift */ = {isa = PBXFileReference; lastKnownFileType = sourcecode.swift; path = MainNavController.swift; sourceTree = "<group>"; };
		B64940A624F186380052A21F /* MypageNavController.swift */ = {isa = PBXFileReference; lastKnownFileType = sourcecode.swift; path = MypageNavController.swift; sourceTree = "<group>"; };
		B64940A824F189780052A21F /* recommendCell.swift */ = {isa = PBXFileReference; lastKnownFileType = sourcecode.swift; path = recommendCell.swift; sourceTree = "<group>"; };
		B64940AA24F18A3B0052A21F /* bookstoreCell.swift */ = {isa = PBXFileReference; lastKnownFileType = sourcecode.swift; path = bookstoreCell.swift; sourceTree = "<group>"; };
		B649CCE624FAAEFE0032AF31 /* NSObject+Extensions.swift */ = {isa = PBXFileReference; lastKnownFileType = sourcecode.swift; path = "NSObject+Extensions.swift"; sourceTree = "<group>"; };
		B649CCEA24FAB1E20032AF31 /* BookListCell.swift */ = {isa = PBXFileReference; lastKnownFileType = sourcecode.swift; path = BookListCell.swift; sourceTree = "<group>"; };
		B649CCEB24FAB1E20032AF31 /* BookListCell.xib */ = {isa = PBXFileReference; lastKnownFileType = file.xib; path = BookListCell.xib; sourceTree = "<group>"; };
		B649CCF124FAB6AB0032AF31 /* BookDetail.storyboard */ = {isa = PBXFileReference; lastKnownFileType = file.storyboard; path = BookDetail.storyboard; sourceTree = "<group>"; };
		B649CCF324FAB6C80032AF31 /* BookDetailVC.swift */ = {isa = PBXFileReference; lastKnownFileType = sourcecode.swift; path = BookDetailVC.swift; sourceTree = "<group>"; };
		B64AF18E24FD5C100015F2A7 /* OnboardingVC.swift */ = {isa = PBXFileReference; lastKnownFileType = sourcecode.swift; path = OnboardingVC.swift; sourceTree = "<group>"; };
		B64AF19124FD5C270015F2A7 /* Onboarding.storyboard */ = {isa = PBXFileReference; lastKnownFileType = file.storyboard; path = Onboarding.storyboard; sourceTree = "<group>"; };
		B65058432507FB8F00D832E1 /* UpdateInterestModel.swift */ = {isa = PBXFileReference; lastKnownFileType = sourcecode.swift; path = UpdateInterestModel.swift; sourceTree = "<group>"; };
		B65058452507FC1700D832E1 /* UpdateInterestService.swift */ = {isa = PBXFileReference; lastKnownFileType = sourcecode.swift; path = UpdateInterestService.swift; sourceTree = "<group>"; };
		B658A3A8250152C40076BCD4 /* OnboardingIntro.storyboard */ = {isa = PBXFileReference; lastKnownFileType = file.storyboard; path = OnboardingIntro.storyboard; sourceTree = "<group>"; };
		B658A3AA250152DA0076BCD4 /* OnboardingIntroVC.swift */ = {isa = PBXFileReference; lastKnownFileType = sourcecode.swift; path = OnboardingIntroVC.swift; sourceTree = "<group>"; };
		B658A3AC250154690076BCD4 /* OnboardingSlider.swift */ = {isa = PBXFileReference; lastKnownFileType = sourcecode.swift; path = OnboardingSlider.swift; sourceTree = "<group>"; };
		B658A3AF250156780076BCD4 /* onboardcell1.swift */ = {isa = PBXFileReference; lastKnownFileType = sourcecode.swift; path = onboardcell1.swift; sourceTree = "<group>"; };
		B658A3B0250156780076BCD4 /* onboardcell1.xib */ = {isa = PBXFileReference; lastKnownFileType = file.xib; path = onboardcell1.xib; sourceTree = "<group>"; };
		B658A3B32501568C0076BCD4 /* onboardcell2.swift */ = {isa = PBXFileReference; lastKnownFileType = sourcecode.swift; path = onboardcell2.swift; sourceTree = "<group>"; };
		B658A3B42501568C0076BCD4 /* onboardcell2.xib */ = {isa = PBXFileReference; lastKnownFileType = file.xib; path = onboardcell2.xib; sourceTree = "<group>"; };
		B658A3B7250156A50076BCD4 /* onboardcell3.swift */ = {isa = PBXFileReference; lastKnownFileType = sourcecode.swift; path = onboardcell3.swift; sourceTree = "<group>"; };
		B658A3B8250156A50076BCD4 /* onboardcell3.xib */ = {isa = PBXFileReference; lastKnownFileType = file.xib; path = onboardcell3.xib; sourceTree = "<group>"; };
		B658A3BF250157110076BCD4 /* onboardcell4.swift */ = {isa = PBXFileReference; lastKnownFileType = sourcecode.swift; path = onboardcell4.swift; sourceTree = "<group>"; };
		B658A3C0250157110076BCD4 /* onboardcell4.xib */ = {isa = PBXFileReference; lastKnownFileType = file.xib; path = onboardcell4.xib; sourceTree = "<group>"; };
		B658A3C4250168240076BCD4 /* Login.storyboard */ = {isa = PBXFileReference; lastKnownFileType = file.storyboard; path = Login.storyboard; sourceTree = "<group>"; };
		B658A3C7250168450076BCD4 /* LoginVC.swift */ = {isa = PBXFileReference; lastKnownFileType = sourcecode.swift; path = LoginVC.swift; sourceTree = "<group>"; };
		B658A3C925016AF40076BCD4 /* MainTabVC.swift */ = {isa = PBXFileReference; lastKnownFileType = sourcecode.swift; path = MainTabVC.swift; sourceTree = "<group>"; };
		B66A95CC250CCFBA0033E9F2 /* AppleLoginModel.swift */ = {isa = PBXFileReference; lastKnownFileType = sourcecode.swift; path = AppleLoginModel.swift; sourceTree = "<group>"; };
		B66A95CE250CCFF50033E9F2 /* AppleLoginService.swift */ = {isa = PBXFileReference; lastKnownFileType = sourcecode.swift; path = AppleLoginService.swift; sourceTree = "<group>"; };
		B66A95D0250D4C410033E9F2 /* Splash.storyboard */ = {isa = PBXFileReference; lastKnownFileType = file.storyboard; path = Splash.storyboard; sourceTree = "<group>"; };
		B66A95D2250D4C8D0033E9F2 /* SplashVC.swift */ = {isa = PBXFileReference; lastKnownFileType = sourcecode.swift; path = SplashVC.swift; sourceTree = "<group>"; };
		B66E0A7F2513C50B00C4BAFF /* UIImageView+Extensions.swift */ = {isa = PBXFileReference; lastKnownFileType = sourcecode.swift; path = "UIImageView+Extensions.swift"; sourceTree = "<group>"; };
		B6985F1424FAC682002A3E6B /* detailCell1.swift */ = {isa = PBXFileReference; lastKnownFileType = sourcecode.swift; path = detailCell1.swift; sourceTree = "<group>"; };
		B6985F1524FAC682002A3E6B /* detailCell1.xib */ = {isa = PBXFileReference; lastKnownFileType = file.xib; path = detailCell1.xib; sourceTree = "<group>"; };
		B6985F1824FAC81B002A3E6B /* detailCell2.swift */ = {isa = PBXFileReference; lastKnownFileType = sourcecode.swift; path = detailCell2.swift; sourceTree = "<group>"; };
		B6985F1924FAC81B002A3E6B /* detailCell2.xib */ = {isa = PBXFileReference; lastKnownFileType = file.xib; path = detailCell2.xib; sourceTree = "<group>"; };
		B6A0BFAD24FC1EAF00D0083D /* MapSelectVC.swift */ = {isa = PBXFileReference; lastKnownFileType = sourcecode.swift; path = MapSelectVC.swift; sourceTree = "<group>"; };
		B6A0BFAF24FC26DD00D0083D /* RegionCell.swift */ = {isa = PBXFileReference; lastKnownFileType = sourcecode.swift; path = RegionCell.swift; sourceTree = "<group>"; };
		B6A487AD24F812F50058025C /* MapSelectCell.swift */ = {isa = PBXFileReference; lastKnownFileType = sourcecode.swift; path = MapSelectCell.swift; sourceTree = "<group>"; };
		B6B1E1C824FED56A00E60FB0 /* detailCell3.swift */ = {isa = PBXFileReference; lastKnownFileType = sourcecode.swift; path = detailCell3.swift; sourceTree = "<group>"; };
		B6B1E1C924FED56A00E60FB0 /* detailCell3.xib */ = {isa = PBXFileReference; lastKnownFileType = file.xib; path = detailCell3.xib; sourceTree = "<group>"; };
		B6C424AD2503CDDC00AAE393 /* KakaoLoginVC.swift */ = {isa = PBXFileReference; lastKnownFileType = sourcecode.swift; path = KakaoLoginVC.swift; sourceTree = "<group>"; };
		B6C424B1250514F200AAE393 /* RecommendListModel.swift */ = {isa = PBXFileReference; lastKnownFileType = sourcecode.swift; path = RecommendListModel.swift; sourceTree = "<group>"; };
		B6C424B5250516E300AAE393 /* RecommendListService.swift */ = {isa = PBXFileReference; lastKnownFileType = sourcecode.swift; path = RecommendListService.swift; sourceTree = "<group>"; };
		B6C424B725054CFF00AAE393 /* BookstoreDetailModel.swift */ = {isa = PBXFileReference; lastKnownFileType = sourcecode.swift; path = BookstoreDetailModel.swift; sourceTree = "<group>"; };
		B6C424B925054DD500AAE393 /* BookstoreDetailService.swift */ = {isa = PBXFileReference; lastKnownFileType = sourcecode.swift; path = BookstoreDetailService.swift; sourceTree = "<group>"; };
		B6F2EE8D2514032B005CCF4C /* EventModel.swift */ = {isa = PBXFileReference; lastKnownFileType = sourcecode.swift; path = EventModel.swift; sourceTree = "<group>"; };
		B6F3CE01250FF70700B0A7CD /* NSNotification+Extensions.swift */ = {isa = PBXFileReference; lastKnownFileType = sourcecode.swift; path = "NSNotification+Extensions.swift"; sourceTree = "<group>"; };
		B6F3CE03251005C500B0A7CD /* MypageInterestModel.swift */ = {isa = PBXFileReference; lastKnownFileType = sourcecode.swift; path = MypageInterestModel.swift; sourceTree = "<group>"; };
		B6F3CE05251006DD00B0A7CD /* MypageInterestService.swift */ = {isa = PBXFileReference; lastKnownFileType = sourcecode.swift; path = MypageInterestService.swift; sourceTree = "<group>"; };
		B6F4140E24F1A09B009863D7 /* UIView+Extensions.swift */ = {isa = PBXFileReference; lastKnownFileType = sourcecode.swift; path = "UIView+Extensions.swift"; sourceTree = "<group>"; };
		B6F4141024F1A256009863D7 /* UIButton+Extensions.swift */ = {isa = PBXFileReference; lastKnownFileType = sourcecode.swift; path = "UIButton+Extensions.swift"; sourceTree = "<group>"; };
		CA7DFC0B5E1415E78B0B9654 /* Pods-cozy.release.xcconfig */ = {isa = PBXFileReference; includeInIndex = 1; lastKnownFileType = text.xcconfig; name = "Pods-cozy.release.xcconfig"; path = "Target Support Files/Pods-cozy/Pods-cozy.release.xcconfig"; sourceTree = "<group>"; };
		CC05FEC224F5590F008747B6 /* recentCell.swift */ = {isa = PBXFileReference; lastKnownFileType = sourcecode.swift; path = recentCell.swift; sourceTree = "<group>"; };
		CC263CFB250DFD90001F6BF5 /* MypageRecentService.swift */ = {isa = PBXFileReference; lastKnownFileType = sourcecode.swift; path = MypageRecentService.swift; sourceTree = "<group>"; };
		CC263CFD250DFDAA001F6BF5 /* MypageInfoService.swift */ = {isa = PBXFileReference; lastKnownFileType = sourcecode.swift; path = MypageInfoService.swift; sourceTree = "<group>"; };
		CC263CFF250DFDE6001F6BF5 /* MypageInfoModel.swift */ = {isa = PBXFileReference; lastKnownFileType = sourcecode.swift; path = MypageInfoModel.swift; sourceTree = "<group>"; };
		CC263D01250DFE41001F6BF5 /* MypageRecentModel.swift */ = {isa = PBXFileReference; lastKnownFileType = sourcecode.swift; path = MypageRecentModel.swift; sourceTree = "<group>"; };
		CCA0FB2724FE9A9E006B1F5B /* InterestVC.swift */ = {isa = PBXFileReference; lastKnownFileType = sourcecode.swift; path = InterestVC.swift; sourceTree = "<group>"; };
		CCBBD2D425071BA3006A73FA /* NoticeVC.swift */ = {isa = PBXFileReference; lastKnownFileType = sourcecode.swift; path = NoticeVC.swift; sourceTree = "<group>"; };
		CCBBD2D625071C03006A73FA /* EventVC.swift */ = {isa = PBXFileReference; lastKnownFileType = sourcecode.swift; path = EventVC.swift; sourceTree = "<group>"; };
		CCBBD2D825072A5A006A73FA /* noticeTitleCell.swift */ = {isa = PBXFileReference; lastKnownFileType = sourcecode.swift; path = noticeTitleCell.swift; sourceTree = "<group>"; };
		CCBBD2DA25072A6F006A73FA /* noticeContentCell.swift */ = {isa = PBXFileReference; lastKnownFileType = sourcecode.swift; path = noticeContentCell.swift; sourceTree = "<group>"; };
		CCBBD2DC25073FE4006A73FA /* NoticeModel.swift */ = {isa = PBXFileReference; lastKnownFileType = sourcecode.swift; path = NoticeModel.swift; sourceTree = "<group>"; };
		CCBBD2E025074A9C006A73FA /* eventTitleCell.swift */ = {isa = PBXFileReference; lastKnownFileType = sourcecode.swift; path = eventTitleCell.swift; sourceTree = "<group>"; };
		CCBBD2E225074B08006A73FA /* eventContentCell.swift */ = {isa = PBXFileReference; lastKnownFileType = sourcecode.swift; path = eventContentCell.swift; sourceTree = "<group>"; };
/* End PBXFileReference section */

/* Begin PBXFrameworksBuildPhase section */
		B646AF3E24EBFE4B00AC96A9 /* Frameworks */ = {
			isa = PBXFrameworksBuildPhase;
			buildActionMask = 2147483647;
			files = (
				33B85403B84CB70CCCF3B7E8 /* Pods_cozy.framework in Frameworks */,
			);
			runOnlyForDeploymentPostprocessing = 0;
		};
/* End PBXFrameworksBuildPhase section */

/* Begin PBXGroup section */
		187C1318250CA522004FD60B /* Fonts */ = {
			isa = PBXGroup;
			children = (
				187C131C250CA710004FD60B /* NanumSquareRoundB.ttf */,
				187C131B250CA710004FD60B /* NanumSquareRoundEB.ttf */,
				187C131A250CA710004FD60B /* NanumSquareRoundL.ttf */,
				187C1319250CA710004FD60B /* NanumSquareRoundR.ttf */,
			);
			path = Fonts;
			sourceTree = "<group>";
		};
		187FEED324FCD55F00476D89 /* Model */ = {
			isa = PBXGroup;
			children = (
			);
			path = Model;
			sourceTree = "<group>";
		};
		187FEED824FE3BCA00476D89 /* Cell */ = {
			isa = PBXGroup;
			children = (
				18981F9824F90E4600D6A921 /* ActivityTableViewCell.swift */,
			);
			path = Cell;
			sourceTree = "<group>";
		};
		187FEED924FE3BD500476D89 /* VC */ = {
			isa = PBXGroup;
			children = (
				B646AF8024EC039200AC96A9 /* ActivityVC.swift */,
				18981F9624F90C4C00D6A921 /* ActivityListVC.swift */,
			);
			path = VC;
			sourceTree = "<group>";
		};
		32D7E29C1D6E872DB03CDCE2 /* Pods */ = {
			isa = PBXGroup;
			children = (
				79EA692FCFEDD58231F78E42 /* Pods-cozy.debug.xcconfig */,
				CA7DFC0B5E1415E78B0B9654 /* Pods-cozy.release.xcconfig */,
			);
			path = Pods;
			sourceTree = "<group>";
		};
		65F4BA870FE12F89E509C1F3 /* Frameworks */ = {
			isa = PBXGroup;
			children = (
				693EA2F950DEF536626A6863 /* Pods_cozy.framework */,
			);
			name = Frameworks;
			sourceTree = "<group>";
		};
		B646AF3824EBFE4B00AC96A9 = {
			isa = PBXGroup;
			children = (
				B646AF5B24EBFED800AC96A9 /* .swiftlint.yml */,
				B646AF4324EBFE4B00AC96A9 /* cozy */,
				B646AF4224EBFE4B00AC96A9 /* Products */,
				32D7E29C1D6E872DB03CDCE2 /* Pods */,
				65F4BA870FE12F89E509C1F3 /* Frameworks */,
			);
			sourceTree = "<group>";
		};
		B646AF4224EBFE4B00AC96A9 /* Products */ = {
			isa = PBXGroup;
			children = (
				B646AF4124EBFE4B00AC96A9 /* cozy.app */,
			);
			name = Products;
			sourceTree = "<group>";
		};
		B646AF4324EBFE4B00AC96A9 /* cozy */ = {
			isa = PBXGroup;
			children = (
				B631283825077A7F003D33E3 /* cozy.entitlements */,
				B646AF5524EBFE4C00AC96A9 /* Info.plist */,
				B646AF6524EC007400AC96A9 /* Supporting Files */,
				B646AF5E24EBFFC100AC96A9 /* Source */,
				B646AF6324EC004700AC96A9 /* Resource */,
			);
			path = cozy;
			sourceTree = "<group>";
		};
		B646AF5E24EBFFC100AC96A9 /* Source */ = {
			isa = PBXGroup;
			children = (
				B646AF6624EC00BB00AC96A9 /* API */,
				B646AF6024EBFFDC00AC96A9 /* Extensions */,
				B646AF5F24EBFFCE00AC96A9 /* ViewControllers */,
			);
			path = Source;
			sourceTree = "<group>";
		};
		B646AF5F24EBFFCE00AC96A9 /* ViewControllers */ = {
			isa = PBXGroup;
			children = (
				B658A3C62501682B0076BCD4 /* Login */,
				B64AF18D24FD5BCD0015F2A7 /* Onboarding */,
				B64940A324F174CF0052A21F /* NavBar */,
				B646AF7B24EC034A00AC96A9 /* Recommend */,
				B646AF7A24EC034500AC96A9 /* Map */,
				B646AF7924EC033F00AC96A9 /* Activity */,
				B646AF7824EC033900AC96A9 /* Mypage */,
				B658A3C925016AF40076BCD4 /* MainTabVC.swift */,
			);
			path = ViewControllers;
			sourceTree = "<group>";
		};
		B646AF6024EBFFDC00AC96A9 /* Extensions */ = {
			isa = PBXGroup;
			children = (
				B646AF6124EBFFEB00AC96A9 /* UIColor+Extensions.swift */,
				B6F4140E24F1A09B009863D7 /* UIView+Extensions.swift */,
				B6F4141024F1A256009863D7 /* UIButton+Extensions.swift */,
				B649CCE624FAAEFE0032AF31 /* NSObject+Extensions.swift */,
				B6F3CE01250FF70700B0A7CD /* NSNotification+Extensions.swift */,
				B66E0A7F2513C50B00C4BAFF /* UIImageView+Extensions.swift */,
			);
			path = Extensions;
			sourceTree = "<group>";
		};
		B646AF6324EC004700AC96A9 /* Resource */ = {
			isa = PBXGroup;
			children = (
				187C1318250CA522004FD60B /* Fonts */,
				B646AF6424EC005000AC96A9 /* Storyboard */,
				B646AF5024EBFE4C00AC96A9 /* Assets.xcassets */,
				B646AF5224EBFE4C00AC96A9 /* LaunchScreen.storyboard */,
			);
			path = Resource;
			sourceTree = "<group>";
		};
		B646AF6424EC005000AC96A9 /* Storyboard */ = {
			isa = PBXGroup;
			children = (
				B658A3C3250168170076BCD4 /* Login */,
				B64AF19024FD5C1A0015F2A7 /* Onboarding */,
				B646AF6B24EC028F00AC96A9 /* Recommend */,
				B646AF6C24EC029800AC96A9 /* Map */,
				B646AF6D24EC02A000AC96A9 /* Activity */,
				B646AF6E24EC02AF00AC96A9 /* Mypage */,
				B646AF4A24EBFE4B00AC96A9 /* Main.storyboard */,
			);
			path = Storyboard;
			sourceTree = "<group>";
		};
		B646AF6524EC007400AC96A9 /* Supporting Files */ = {
			isa = PBXGroup;
			children = (
				B646AF4424EBFE4B00AC96A9 /* AppDelegate.swift */,
				B646AF4624EBFE4B00AC96A9 /* SceneDelegate.swift */,
				B646AF4D24EBFE4B00AC96A9 /* cozy.xcdatamodeld */,
			);
			path = "Supporting Files";
			sourceTree = "<group>";
		};
		B646AF6624EC00BB00AC96A9 /* API */ = {
			isa = PBXGroup;
			children = (
				B6C424B4250516A500AAE393 /* ResponseModel */,
				B6C424B32505167400AAE393 /* Services */,
			);
			path = API;
			sourceTree = "<group>";
		};
		B646AF6B24EC028F00AC96A9 /* Recommend */ = {
			isa = PBXGroup;
			children = (
				B646AF6F24EC02FB00AC96A9 /* Recommend.storyboard */,
				B649CCF124FAB6AB0032AF31 /* BookDetail.storyboard */,
				18981F9E24FA5CBD00D6A921 /* ActivityRecommend.storyboard */,
			);
			path = Recommend;
			sourceTree = "<group>";
		};
		B646AF6C24EC029800AC96A9 /* Map */ = {
			isa = PBXGroup;
			children = (
				B646AF7224EC030B00AC96A9 /* Map.storyboard */,
			);
			path = Map;
			sourceTree = "<group>";
		};
		B646AF6D24EC02A000AC96A9 /* Activity */ = {
			isa = PBXGroup;
			children = (
				B646AF7424EC031500AC96A9 /* Activity.storyboard */,
				18981F9C24FA4BD900D6A921 /* ActivityList.storyboard */,
			);
			path = Activity;
			sourceTree = "<group>";
		};
		B646AF6E24EC02AF00AC96A9 /* Mypage */ = {
			isa = PBXGroup;
			children = (
				B646AF7624EC031F00AC96A9 /* Mypage.storyboard */,
			);
			path = Mypage;
			sourceTree = "<group>";
		};
		B646AF7824EC033900AC96A9 /* Mypage */ = {
			isa = PBXGroup;
			children = (
				B6F2EE8C251402D1005CCF4C /* Model */,
				CC772907250B8A61001DB8FC /* VC */,
				CC772906250B8A4A001DB8FC /* Cell */,
			);
			path = Mypage;
			sourceTree = "<group>";
		};
		B646AF7924EC033F00AC96A9 /* Activity */ = {
			isa = PBXGroup;
			children = (
				187FEED924FE3BD500476D89 /* VC */,
				187FEED824FE3BCA00476D89 /* Cell */,
			);
			path = Activity;
			sourceTree = "<group>";
		};
		B646AF7A24EC034500AC96A9 /* Map */ = {
			isa = PBXGroup;
			children = (
				B649CCE524FAAE330032AF31 /* VC */,
				B649CCE024FAAA430032AF31 /* Cell */,
			);
			path = Map;
			sourceTree = "<group>";
		};
		B646AF7B24EC034A00AC96A9 /* Recommend */ = {
			isa = PBXGroup;
			children = (
				187FEED324FCD55F00476D89 /* Model */,
				B649CCEF24FAB6450032AF31 /* VC */,
				B649CCF024FAB64B0032AF31 /* Cell */,
			);
			path = Recommend;
			sourceTree = "<group>";
		};
		B64940A324F174CF0052A21F /* NavBar */ = {
			isa = PBXGroup;
			children = (
				B64940A424F1750E0052A21F /* MainNavController.swift */,
				B64940A624F186380052A21F /* MypageNavController.swift */,
			);
			path = NavBar;
			sourceTree = "<group>";
		};
		B649CCE024FAAA430032AF31 /* Cell */ = {
			isa = PBXGroup;
			children = (
				B6A487AD24F812F50058025C /* MapSelectCell.swift */,
				B649CCEA24FAB1E20032AF31 /* BookListCell.swift */,
				B649CCEB24FAB1E20032AF31 /* BookListCell.xib */,
				B6A0BFAF24FC26DD00D0083D /* RegionCell.swift */,
			);
			path = Cell;
			sourceTree = "<group>";
		};
		B649CCE524FAAE330032AF31 /* VC */ = {
			isa = PBXGroup;
			children = (
				B646AF7E24EC037F00AC96A9 /* MapVC.swift */,
				B6A0BFAD24FC1EAF00D0083D /* MapSelectVC.swift */,
			);
			path = VC;
			sourceTree = "<group>";
		};
		B649CCEF24FAB6450032AF31 /* VC */ = {
			isa = PBXGroup;
			children = (
				185D45C724FA657D001860E7 /* ActivityRecommendVC.swift */,
				B646AF7C24EC037000AC96A9 /* RecommendVC.swift */,
				B649CCF324FAB6C80032AF31 /* BookDetailVC.swift */,
			);
			path = VC;
			sourceTree = "<group>";
		};
		B649CCF024FAB64B0032AF31 /* Cell */ = {
			isa = PBXGroup;
			children = (
				B64940A824F189780052A21F /* recommendCell.swift */,
				B64940AA24F18A3B0052A21F /* bookstoreCell.swift */,
				B6985F1424FAC682002A3E6B /* detailCell1.swift */,
				B6985F1524FAC682002A3E6B /* detailCell1.xib */,
				B6985F1824FAC81B002A3E6B /* detailCell2.swift */,
				B6985F1924FAC81B002A3E6B /* detailCell2.xib */,
				187FEED624FCD6AA00476D89 /* DisplayDetailCell.swift */,
				B6B1E1C824FED56A00E60FB0 /* detailCell3.swift */,
				B6B1E1C924FED56A00E60FB0 /* detailCell3.xib */,
				187C1325250FCDF7004FD60B /* CommentCell.swift */,
			);
			path = Cell;
			sourceTree = "<group>";
		};
		B64AF18D24FD5BCD0015F2A7 /* Onboarding */ = {
			isa = PBXGroup;
			children = (
				B658A3BE250156CC0076BCD4 /* Class */,
				B658A3BD250156BA0076BCD4 /* VC */,
				B658A3AE250156540076BCD4 /* Cell */,
			);
			path = Onboarding;
			sourceTree = "<group>";
		};
		B64AF19024FD5C1A0015F2A7 /* Onboarding */ = {
			isa = PBXGroup;
			children = (
				B658A3A8250152C40076BCD4 /* OnboardingIntro.storyboard */,
				B64AF19124FD5C270015F2A7 /* Onboarding.storyboard */,
				B66A95D0250D4C410033E9F2 /* Splash.storyboard */,
			);
			path = Onboarding;
			sourceTree = "<group>";
		};
		B658A3AE250156540076BCD4 /* Cell */ = {
			isa = PBXGroup;
			children = (
				B658A3AF250156780076BCD4 /* onboardcell1.swift */,
				B658A3B0250156780076BCD4 /* onboardcell1.xib */,
				B658A3B32501568C0076BCD4 /* onboardcell2.swift */,
				B658A3B42501568C0076BCD4 /* onboardcell2.xib */,
				B658A3B7250156A50076BCD4 /* onboardcell3.swift */,
				B658A3B8250156A50076BCD4 /* onboardcell3.xib */,
				B658A3BF250157110076BCD4 /* onboardcell4.swift */,
				B658A3C0250157110076BCD4 /* onboardcell4.xib */,
			);
			path = Cell;
			sourceTree = "<group>";
		};
		B658A3BD250156BA0076BCD4 /* VC */ = {
			isa = PBXGroup;
			children = (
				B658A3AA250152DA0076BCD4 /* OnboardingIntroVC.swift */,
				B64AF18E24FD5C100015F2A7 /* OnboardingVC.swift */,
				B66A95D2250D4C8D0033E9F2 /* SplashVC.swift */,
			);
			path = VC;
			sourceTree = "<group>";
		};
		B658A3BE250156CC0076BCD4 /* Class */ = {
			isa = PBXGroup;
			children = (
				B658A3AC250154690076BCD4 /* OnboardingSlider.swift */,
			);
			path = Class;
			sourceTree = "<group>";
		};
		B658A3C3250168170076BCD4 /* Login */ = {
			isa = PBXGroup;
			children = (
				B658A3C4250168240076BCD4 /* Login.storyboard */,
			);
			path = Login;
			sourceTree = "<group>";
		};
		B658A3C62501682B0076BCD4 /* Login */ = {
			isa = PBXGroup;
			children = (
				B658A3C7250168450076BCD4 /* LoginVC.swift */,
				B6C424AD2503CDDC00AAE393 /* KakaoLoginVC.swift */,
			);
			path = Login;
			sourceTree = "<group>";
		};
		B6C424B32505167400AAE393 /* Services */ = {
			isa = PBXGroup;
			children = (
				B646AF6724EC00C800AC96A9 /* APIConstants.swift */,
				B646AF6924EC00E900AC96A9 /* NetworkResult.swift */,
				187C1301250286C2004FD60B /* ActivityListService.swift */,
				B6C424B5250516E300AAE393 /* RecommendListService.swift */,
				B6C424B925054DD500AAE393 /* BookstoreDetailService.swift */,
				187C130325064F88004FD60B /* RecommendFeedService.swift */,
				187C130925065E5D004FD60B /* RecommendActivityService.swift */,
				B6208CA025066C2300185624 /* MapCountService.swift */,
				B6208CA4250675BB00185624 /* MapListService.swift */,
				B631283525075D66003D33E3 /* KakaoLoginService.swift */,
				B65058452507FC1700D832E1 /* UpdateInterestService.swift */,
				187C1314250B564A004FD60B /* ActivityDetailService.swift */,
				187C1323250CBB4F004FD60B /* TastesService.swift */,
				B66A95CE250CCFF50033E9F2 /* AppleLoginService.swift */,
				CC263CFB250DFD90001F6BF5 /* MypageRecentService.swift */,
				CC263CFD250DFDAA001F6BF5 /* MypageInfoService.swift */,
				B6F3CE05251006DD00B0A7CD /* MypageInterestService.swift */,
			);
			path = Services;
			sourceTree = "<group>";
		};
		B6C424B4250516A500AAE393 /* ResponseModel */ = {
			isa = PBXGroup;
			children = (
				18981F9A24F9104900D6A921 /* ActivityListModel.swift */,
				B6C424B1250514F200AAE393 /* RecommendListModel.swift */,
				B6C424B725054CFF00AAE393 /* BookstoreDetailModel.swift */,
				187C1305250650A0004FD60B /* RecommendFeedModel.swift */,
				187C13072506559D004FD60B /* RecommendActivityModel.swift */,
				B6208C9D25066BA700185624 /* MapCountModel.swift */,
				B6208CA2250674E100185624 /* MapListModel.swift */,
				B631283325075C01003D33E3 /* KakaoLoginModel.swift */,
				B65058432507FB8F00D832E1 /* UpdateInterestModel.swift */,
				187C1312250A1A2B004FD60B /* ActivityDetailModel.swift */,
				187C1321250CB6F1004FD60B /* TastesModel.swift */,
				B66A95CC250CCFBA0033E9F2 /* AppleLoginModel.swift */,
				CC263CFF250DFDE6001F6BF5 /* MypageInfoModel.swift */,
				CC263D01250DFE41001F6BF5 /* MypageRecentModel.swift */,
				187C1327250FD212004FD60B /* CommentModel.swift */,
				B6F3CE03251005C500B0A7CD /* MypageInterestModel.swift */,
			);
			path = ResponseModel;
			sourceTree = "<group>";
		};
		B6F2EE8C251402D1005CCF4C /* Model */ = {
			isa = PBXGroup;
			children = (
				CCBBD2DC25073FE4006A73FA /* NoticeModel.swift */,
				B6F2EE8D2514032B005CCF4C /* EventModel.swift */,
			);
			path = Model;
			sourceTree = "<group>";
		};
		CC772906250B8A4A001DB8FC /* Cell */ = {
			isa = PBXGroup;
			children = (
				CCBBD2D825072A5A006A73FA /* noticeTitleCell.swift */,
				CCBBD2DA25072A6F006A73FA /* noticeContentCell.swift */,
				CCBBD2E025074A9C006A73FA /* eventTitleCell.swift */,
				CCBBD2E225074B08006A73FA /* eventContentCell.swift */,
				CC05FEC224F5590F008747B6 /* recentCell.swift */,
			);
			path = Cell;
			sourceTree = "<group>";
		};
		CC772907250B8A61001DB8FC /* VC */ = {
			isa = PBXGroup;
			children = (
				B646AF8224EC03A500AC96A9 /* MypageVC.swift */,
				CCA0FB2724FE9A9E006B1F5B /* InterestVC.swift */,
				CCBBD2D425071BA3006A73FA /* NoticeVC.swift */,
				CCBBD2D625071C03006A73FA /* EventVC.swift */,
			);
			path = VC;
			sourceTree = "<group>";
		};
/* End PBXGroup section */

/* Begin PBXNativeTarget section */
		B646AF4024EBFE4B00AC96A9 /* cozy */ = {
			isa = PBXNativeTarget;
			buildConfigurationList = B646AF5824EBFE4C00AC96A9 /* Build configuration list for PBXNativeTarget "cozy" */;
			buildPhases = (
				DBB3DBFB60B0069BC0244D94 /* [CP] Check Pods Manifest.lock */,
				B646AF3D24EBFE4B00AC96A9 /* Sources */,
				B646AF3E24EBFE4B00AC96A9 /* Frameworks */,
				B646AF3F24EBFE4B00AC96A9 /* Resources */,
				B646AF5D24EBFEFC00AC96A9 /* ShellScript */,
				D79ECC0A4F05820CDDA42823 /* [CP] Embed Pods Frameworks */,
			);
			buildRules = (
			);
			dependencies = (
			);
			name = cozy;
			productName = cozy;
			productReference = B646AF4124EBFE4B00AC96A9 /* cozy.app */;
			productType = "com.apple.product-type.application";
		};
/* End PBXNativeTarget section */

/* Begin PBXProject section */
		B646AF3924EBFE4B00AC96A9 /* Project object */ = {
			isa = PBXProject;
			attributes = {
				LastSwiftUpdateCheck = 1160;
				LastUpgradeCheck = 1160;
				ORGANIZATIONNAME = "최은지";
				TargetAttributes = {
					B646AF4024EBFE4B00AC96A9 = {
						CreatedOnToolsVersion = 11.6;
					};
				};
			};
			buildConfigurationList = B646AF3C24EBFE4B00AC96A9 /* Build configuration list for PBXProject "cozy" */;
			compatibilityVersion = "Xcode 9.3";
			developmentRegion = en;
			hasScannedForEncodings = 0;
			knownRegions = (
				en,
				Base,
			);
			mainGroup = B646AF3824EBFE4B00AC96A9;
			productRefGroup = B646AF4224EBFE4B00AC96A9 /* Products */;
			projectDirPath = "";
			projectRoot = "";
			targets = (
				B646AF4024EBFE4B00AC96A9 /* cozy */,
			);
		};
/* End PBXProject section */

/* Begin PBXResourcesBuildPhase section */
		B646AF3F24EBFE4B00AC96A9 /* Resources */ = {
			isa = PBXResourcesBuildPhase;
			buildActionMask = 2147483647;
			files = (
				18981F9F24FA5CBD00D6A921 /* ActivityRecommend.storyboard in Resources */,
				B658A3BA250156A50076BCD4 /* onboardcell3.xib in Resources */,
				B646AF5C24EBFED800AC96A9 /* .swiftlint.yml in Resources */,
				187C131D250CA710004FD60B /* NanumSquareRoundR.ttf in Resources */,
				B646AF7024EC02FB00AC96A9 /* Recommend.storyboard in Resources */,
				B66A95D1250D4C410033E9F2 /* Splash.storyboard in Resources */,
				187C131F250CA710004FD60B /* NanumSquareRoundEB.ttf in Resources */,
				187C131E250CA710004FD60B /* NanumSquareRoundL.ttf in Resources */,
				B6985F1B24FAC81B002A3E6B /* detailCell2.xib in Resources */,
				B6985F1724FAC682002A3E6B /* detailCell1.xib in Resources */,
				187C1320250CA710004FD60B /* NanumSquareRoundB.ttf in Resources */,
				B646AF5424EBFE4C00AC96A9 /* LaunchScreen.storyboard in Resources */,
				B646AF7724EC031F00AC96A9 /* Mypage.storyboard in Resources */,
				B658A3B62501568C0076BCD4 /* onboardcell2.xib in Resources */,
				18981F9D24FA4BD900D6A921 /* ActivityList.storyboard in Resources */,
				B658A3B2250156780076BCD4 /* onboardcell1.xib in Resources */,
				B658A3C5250168240076BCD4 /* Login.storyboard in Resources */,
				B646AF5124EBFE4C00AC96A9 /* Assets.xcassets in Resources */,
				B6B1E1CB24FED56A00E60FB0 /* detailCell3.xib in Resources */,
				B649CCF224FAB6AB0032AF31 /* BookDetail.storyboard in Resources */,
				B646AF7524EC031500AC96A9 /* Activity.storyboard in Resources */,
				B646AF4C24EBFE4B00AC96A9 /* Main.storyboard in Resources */,
				B649CCED24FAB1E20032AF31 /* BookListCell.xib in Resources */,
				B64AF19224FD5C270015F2A7 /* Onboarding.storyboard in Resources */,
				B658A3A9250152C40076BCD4 /* OnboardingIntro.storyboard in Resources */,
				B646AF7324EC030B00AC96A9 /* Map.storyboard in Resources */,
				B658A3C2250157110076BCD4 /* onboardcell4.xib in Resources */,
			);
			runOnlyForDeploymentPostprocessing = 0;
		};
/* End PBXResourcesBuildPhase section */

/* Begin PBXShellScriptBuildPhase section */
		B646AF5D24EBFEFC00AC96A9 /* ShellScript */ = {
			isa = PBXShellScriptBuildPhase;
			buildActionMask = 2147483647;
			files = (
			);
			inputFileListPaths = (
			);
			inputPaths = (
			);
			outputFileListPaths = (
			);
			outputPaths = (
			);
			runOnlyForDeploymentPostprocessing = 0;
			shellPath = /bin/sh;
			shellScript = "# Type a script or drag a script file from your workspace to insert its path.\n${PODS_ROOT}/SwiftLint/swiftlint autocorrect\n";
		};
		D79ECC0A4F05820CDDA42823 /* [CP] Embed Pods Frameworks */ = {
			isa = PBXShellScriptBuildPhase;
			buildActionMask = 2147483647;
			files = (
			);
			inputFileListPaths = (
				"${PODS_ROOT}/Target Support Files/Pods-cozy/Pods-cozy-frameworks-${CONFIGURATION}-input-files.xcfilelist",
			);
			name = "[CP] Embed Pods Frameworks";
			outputFileListPaths = (
				"${PODS_ROOT}/Target Support Files/Pods-cozy/Pods-cozy-frameworks-${CONFIGURATION}-output-files.xcfilelist",
			);
			runOnlyForDeploymentPostprocessing = 0;
			shellPath = /bin/sh;
			shellScript = "\"${PODS_ROOT}/Target Support Files/Pods-cozy/Pods-cozy-frameworks.sh\"\n";
			showEnvVarsInLog = 0;
		};
		DBB3DBFB60B0069BC0244D94 /* [CP] Check Pods Manifest.lock */ = {
			isa = PBXShellScriptBuildPhase;
			buildActionMask = 2147483647;
			files = (
			);
			inputFileListPaths = (
			);
			inputPaths = (
				"${PODS_PODFILE_DIR_PATH}/Podfile.lock",
				"${PODS_ROOT}/Manifest.lock",
			);
			name = "[CP] Check Pods Manifest.lock";
			outputFileListPaths = (
			);
			outputPaths = (
				"$(DERIVED_FILE_DIR)/Pods-cozy-checkManifestLockResult.txt",
			);
			runOnlyForDeploymentPostprocessing = 0;
			shellPath = /bin/sh;
			shellScript = "diff \"${PODS_PODFILE_DIR_PATH}/Podfile.lock\" \"${PODS_ROOT}/Manifest.lock\" > /dev/null\nif [ $? != 0 ] ; then\n    # print error to STDERR\n    echo \"error: The sandbox is not in sync with the Podfile.lock. Run 'pod install' or update your CocoaPods installation.\" >&2\n    exit 1\nfi\n# This output is used by Xcode 'outputs' to avoid re-running this script phase.\necho \"SUCCESS\" > \"${SCRIPT_OUTPUT_FILE_0}\"\n";
			showEnvVarsInLog = 0;
		};
/* End PBXShellScriptBuildPhase section */

/* Begin PBXSourcesBuildPhase section */
		B646AF3D24EBFE4B00AC96A9 /* Sources */ = {
			isa = PBXSourcesBuildPhase;
			buildActionMask = 2147483647;
			files = (
				CCBBD2D525071BA3006A73FA /* NoticeVC.swift in Sources */,
				B631283425075C01003D33E3 /* KakaoLoginModel.swift in Sources */,
				CCBBD2D925072A5A006A73FA /* noticeTitleCell.swift in Sources */,
				18981F9B24F9104900D6A921 /* ActivityListModel.swift in Sources */,
				CCBBD2E325074B08006A73FA /* eventContentCell.swift in Sources */,
				B658A3C8250168450076BCD4 /* LoginVC.swift in Sources */,
				B646AF8124EC039200AC96A9 /* ActivityVC.swift in Sources */,
				B6A0BFB024FC26DD00D0083D /* RegionCell.swift in Sources */,
				CC05FEC324F5590F008747B6 /* recentCell.swift in Sources */,
				185D45C824FA657D001860E7 /* ActivityRecommendVC.swift in Sources */,
				B66A95CF250CCFF50033E9F2 /* AppleLoginService.swift in Sources */,
				B6985F1A24FAC81B002A3E6B /* detailCell2.swift in Sources */,
				B649CCE724FAAEFE0032AF31 /* NSObject+Extensions.swift in Sources */,
				B649CCEC24FAB1E20032AF31 /* BookListCell.swift in Sources */,
				B6985F1624FAC682002A3E6B /* detailCell1.swift in Sources */,
				B6C424B2250514F200AAE393 /* RecommendListModel.swift in Sources */,
				B646AF8324EC03A500AC96A9 /* MypageVC.swift in Sources */,
				CC263CFC250DFD90001F6BF5 /* MypageRecentService.swift in Sources */,
				CCBBD2DD25073FE4006A73FA /* NoticeModel.swift in Sources */,
				CC263CFE250DFDAA001F6BF5 /* MypageInfoService.swift in Sources */,
				B646AF6224EBFFEB00AC96A9 /* UIColor+Extensions.swift in Sources */,
				B658A3C1250157110076BCD4 /* onboardcell4.swift in Sources */,
				CCBBD2D725071C03006A73FA /* EventVC.swift in Sources */,
				B64940A524F1750E0052A21F /* MainNavController.swift in Sources */,
				B658A3B9250156A50076BCD4 /* onboardcell3.swift in Sources */,
				B6A487AE24F812F50058025C /* MapSelectCell.swift in Sources */,
				CCA0FB2824FE9A9E006B1F5B /* InterestVC.swift in Sources */,
				B6F3CE04251005C500B0A7CD /* MypageInterestModel.swift in Sources */,
				B646AF6824EC00C800AC96A9 /* APIConstants.swift in Sources */,
				B6F4140F24F1A09B009863D7 /* UIView+Extensions.swift in Sources */,
				B658A3CA25016AF40076BCD4 /* MainTabVC.swift in Sources */,
				B6208CA3250674E100185624 /* MapListModel.swift in Sources */,
				B6C424BA25054DD500AAE393 /* BookstoreDetailService.swift in Sources */,
				B6208C9E25066BA700185624 /* MapCountModel.swift in Sources */,
				B658A3B52501568C0076BCD4 /* onboardcell2.swift in Sources */,
				B6208CA125066C2300185624 /* MapCountService.swift in Sources */,
				B658A3AD250154690076BCD4 /* OnboardingSlider.swift in Sources */,
				CCBBD2E125074A9C006A73FA /* eventTitleCell.swift in Sources */,
				B6B1E1CA24FED56A00E60FB0 /* detailCell3.swift in Sources */,
				B646AF4524EBFE4B00AC96A9 /* AppDelegate.swift in Sources */,
				187C130A25065E5D004FD60B /* RecommendActivityService.swift in Sources */,
				B646AF4F24EBFE4B00AC96A9 /* cozy.xcdatamodeld in Sources */,
				18981F9924F90E4600D6A921 /* ActivityTableViewCell.swift in Sources */,
				187C1315250B564A004FD60B /* ActivityDetailService.swift in Sources */,
				B646AF4724EBFE4B00AC96A9 /* SceneDelegate.swift in Sources */,
				187C1324250CBB4F004FD60B /* TastesService.swift in Sources */,
				B6F2EE8E2514032B005CCF4C /* EventModel.swift in Sources */,
				B646AF6A24EC00E900AC96A9 /* NetworkResult.swift in Sources */,
				B658A3B1250156780076BCD4 /* onboardcell1.swift in Sources */,
				B65058442507FB8F00D832E1 /* UpdateInterestModel.swift in Sources */,
				CCBBD2DB25072A6F006A73FA /* noticeContentCell.swift in Sources */,
				B6F4141124F1A256009863D7 /* UIButton+Extensions.swift in Sources */,
				B631283625075D66003D33E3 /* KakaoLoginService.swift in Sources */,
				B64940A924F189780052A21F /* recommendCell.swift in Sources */,
				B6208CA5250675BB00185624 /* MapListService.swift in Sources */,
				B6F3CE06251006DD00B0A7CD /* MypageInterestService.swift in Sources */,
				187C1322250CB6F1004FD60B /* TastesModel.swift in Sources */,
				B6A0BFAE24FC1EAF00D0083D /* MapSelectVC.swift in Sources */,
				B649CCF424FAB6C80032AF31 /* BookDetailVC.swift in Sources */,
				CC263D00250DFDE6001F6BF5 /* MypageInfoModel.swift in Sources */,
				B66A95D3250D4C8D0033E9F2 /* SplashVC.swift in Sources */,
				B646AF7F24EC037F00AC96A9 /* MapVC.swift in Sources */,
				B6C424B825054CFF00AAE393 /* BookstoreDetailModel.swift in Sources */,
				187C1313250A1A2B004FD60B /* ActivityDetailModel.swift in Sources */,
				187FEED724FCD6AA00476D89 /* DisplayDetailCell.swift in Sources */,
				B658A3AB250152DA0076BCD4 /* OnboardingIntroVC.swift in Sources */,
				B66A95CD250CCFBA0033E9F2 /* AppleLoginModel.swift in Sources */,
				187C1306250650A0004FD60B /* RecommendFeedModel.swift in Sources */,
				187C1326250FCDF7004FD60B /* CommentCell.swift in Sources */,
				B6C424AE2503CDDC00AAE393 /* KakaoLoginVC.swift in Sources */,
				187C1302250286C2004FD60B /* ActivityListService.swift in Sources */,
				B64AF18F24FD5C100015F2A7 /* OnboardingVC.swift in Sources */,
				B64940AB24F18A3B0052A21F /* bookstoreCell.swift in Sources */,
				CC263D02250DFE41001F6BF5 /* MypageRecentModel.swift in Sources */,
				B6C424B6250516E300AAE393 /* RecommendListService.swift in Sources */,
				18981F9724F90C4C00D6A921 /* ActivityListVC.swift in Sources */,
				B66E0A802513C50B00C4BAFF /* UIImageView+Extensions.swift in Sources */,
				B646AF7D24EC037000AC96A9 /* RecommendVC.swift in Sources */,
				187C13082506559D004FD60B /* RecommendActivityModel.swift in Sources */,
				B64940A724F186380052A21F /* MypageNavController.swift in Sources */,
				187C130425064F88004FD60B /* RecommendFeedService.swift in Sources */,
				B6F3CE02250FF70700B0A7CD /* NSNotification+Extensions.swift in Sources */,
				B65058462507FC1700D832E1 /* UpdateInterestService.swift in Sources */,
				187C1328250FD212004FD60B /* CommentModel.swift in Sources */,
			);
			runOnlyForDeploymentPostprocessing = 0;
		};
/* End PBXSourcesBuildPhase section */

/* Begin PBXVariantGroup section */
		B646AF4A24EBFE4B00AC96A9 /* Main.storyboard */ = {
			isa = PBXVariantGroup;
			children = (
				B646AF4B24EBFE4B00AC96A9 /* Base */,
			);
			name = Main.storyboard;
			sourceTree = "<group>";
		};
		B646AF5224EBFE4C00AC96A9 /* LaunchScreen.storyboard */ = {
			isa = PBXVariantGroup;
			children = (
				B646AF5324EBFE4C00AC96A9 /* Base */,
			);
			name = LaunchScreen.storyboard;
			sourceTree = "<group>";
		};
/* End PBXVariantGroup section */

/* Begin XCBuildConfiguration section */
		B646AF5624EBFE4C00AC96A9 /* Debug */ = {
			isa = XCBuildConfiguration;
			buildSettings = {
				ALWAYS_SEARCH_USER_PATHS = NO;
				CLANG_ANALYZER_NONNULL = YES;
				CLANG_ANALYZER_NUMBER_OBJECT_CONVERSION = YES_AGGRESSIVE;
				CLANG_CXX_LANGUAGE_STANDARD = "gnu++14";
				CLANG_CXX_LIBRARY = "libc++";
				CLANG_ENABLE_MODULES = YES;
				CLANG_ENABLE_OBJC_ARC = YES;
				CLANG_ENABLE_OBJC_WEAK = YES;
				CLANG_WARN_BLOCK_CAPTURE_AUTORELEASING = YES;
				CLANG_WARN_BOOL_CONVERSION = YES;
				CLANG_WARN_COMMA = YES;
				CLANG_WARN_CONSTANT_CONVERSION = YES;
				CLANG_WARN_DEPRECATED_OBJC_IMPLEMENTATIONS = YES;
				CLANG_WARN_DIRECT_OBJC_ISA_USAGE = YES_ERROR;
				CLANG_WARN_DOCUMENTATION_COMMENTS = YES;
				CLANG_WARN_EMPTY_BODY = YES;
				CLANG_WARN_ENUM_CONVERSION = YES;
				CLANG_WARN_INFINITE_RECURSION = YES;
				CLANG_WARN_INT_CONVERSION = YES;
				CLANG_WARN_NON_LITERAL_NULL_CONVERSION = YES;
				CLANG_WARN_OBJC_IMPLICIT_RETAIN_SELF = YES;
				CLANG_WARN_OBJC_LITERAL_CONVERSION = YES;
				CLANG_WARN_OBJC_ROOT_CLASS = YES_ERROR;
				CLANG_WARN_RANGE_LOOP_ANALYSIS = YES;
				CLANG_WARN_STRICT_PROTOTYPES = YES;
				CLANG_WARN_SUSPICIOUS_MOVE = YES;
				CLANG_WARN_UNGUARDED_AVAILABILITY = YES_AGGRESSIVE;
				CLANG_WARN_UNREACHABLE_CODE = YES;
				CLANG_WARN__DUPLICATE_METHOD_MATCH = YES;
				COPY_PHASE_STRIP = NO;
				DEBUG_INFORMATION_FORMAT = dwarf;
				ENABLE_STRICT_OBJC_MSGSEND = YES;
				ENABLE_TESTABILITY = YES;
				GCC_C_LANGUAGE_STANDARD = gnu11;
				GCC_DYNAMIC_NO_PIC = NO;
				GCC_NO_COMMON_BLOCKS = YES;
				GCC_OPTIMIZATION_LEVEL = 0;
				GCC_PREPROCESSOR_DEFINITIONS = (
					"DEBUG=1",
					"$(inherited)",
				);
				GCC_WARN_64_TO_32_BIT_CONVERSION = YES;
				GCC_WARN_ABOUT_RETURN_TYPE = YES_ERROR;
				GCC_WARN_UNDECLARED_SELECTOR = YES;
				GCC_WARN_UNINITIALIZED_AUTOS = YES_AGGRESSIVE;
				GCC_WARN_UNUSED_FUNCTION = YES;
				GCC_WARN_UNUSED_VARIABLE = YES;
				IPHONEOS_DEPLOYMENT_TARGET = 13.6;
				MTL_ENABLE_DEBUG_INFO = INCLUDE_SOURCE;
				MTL_FAST_MATH = YES;
				ONLY_ACTIVE_ARCH = YES;
				SDKROOT = iphoneos;
				SWIFT_ACTIVE_COMPILATION_CONDITIONS = DEBUG;
				SWIFT_OPTIMIZATION_LEVEL = "-Onone";
			};
			name = Debug;
		};
		B646AF5724EBFE4C00AC96A9 /* Release */ = {
			isa = XCBuildConfiguration;
			buildSettings = {
				ALWAYS_SEARCH_USER_PATHS = NO;
				CLANG_ANALYZER_NONNULL = YES;
				CLANG_ANALYZER_NUMBER_OBJECT_CONVERSION = YES_AGGRESSIVE;
				CLANG_CXX_LANGUAGE_STANDARD = "gnu++14";
				CLANG_CXX_LIBRARY = "libc++";
				CLANG_ENABLE_MODULES = YES;
				CLANG_ENABLE_OBJC_ARC = YES;
				CLANG_ENABLE_OBJC_WEAK = YES;
				CLANG_WARN_BLOCK_CAPTURE_AUTORELEASING = YES;
				CLANG_WARN_BOOL_CONVERSION = YES;
				CLANG_WARN_COMMA = YES;
				CLANG_WARN_CONSTANT_CONVERSION = YES;
				CLANG_WARN_DEPRECATED_OBJC_IMPLEMENTATIONS = YES;
				CLANG_WARN_DIRECT_OBJC_ISA_USAGE = YES_ERROR;
				CLANG_WARN_DOCUMENTATION_COMMENTS = YES;
				CLANG_WARN_EMPTY_BODY = YES;
				CLANG_WARN_ENUM_CONVERSION = YES;
				CLANG_WARN_INFINITE_RECURSION = YES;
				CLANG_WARN_INT_CONVERSION = YES;
				CLANG_WARN_NON_LITERAL_NULL_CONVERSION = YES;
				CLANG_WARN_OBJC_IMPLICIT_RETAIN_SELF = YES;
				CLANG_WARN_OBJC_LITERAL_CONVERSION = YES;
				CLANG_WARN_OBJC_ROOT_CLASS = YES_ERROR;
				CLANG_WARN_RANGE_LOOP_ANALYSIS = YES;
				CLANG_WARN_STRICT_PROTOTYPES = YES;
				CLANG_WARN_SUSPICIOUS_MOVE = YES;
				CLANG_WARN_UNGUARDED_AVAILABILITY = YES_AGGRESSIVE;
				CLANG_WARN_UNREACHABLE_CODE = YES;
				CLANG_WARN__DUPLICATE_METHOD_MATCH = YES;
				COPY_PHASE_STRIP = NO;
				DEBUG_INFORMATION_FORMAT = "dwarf-with-dsym";
				ENABLE_NS_ASSERTIONS = NO;
				ENABLE_STRICT_OBJC_MSGSEND = YES;
				GCC_C_LANGUAGE_STANDARD = gnu11;
				GCC_NO_COMMON_BLOCKS = YES;
				GCC_WARN_64_TO_32_BIT_CONVERSION = YES;
				GCC_WARN_ABOUT_RETURN_TYPE = YES_ERROR;
				GCC_WARN_UNDECLARED_SELECTOR = YES;
				GCC_WARN_UNINITIALIZED_AUTOS = YES_AGGRESSIVE;
				GCC_WARN_UNUSED_FUNCTION = YES;
				GCC_WARN_UNUSED_VARIABLE = YES;
				IPHONEOS_DEPLOYMENT_TARGET = 13.6;
				MTL_ENABLE_DEBUG_INFO = NO;
				MTL_FAST_MATH = YES;
				SDKROOT = iphoneos;
				SWIFT_COMPILATION_MODE = wholemodule;
				SWIFT_OPTIMIZATION_LEVEL = "-O";
				VALIDATE_PRODUCT = YES;
			};
			name = Release;
		};
		B646AF5924EBFE4C00AC96A9 /* Debug */ = {
			isa = XCBuildConfiguration;
			baseConfigurationReference = 79EA692FCFEDD58231F78E42 /* Pods-cozy.debug.xcconfig */;
			buildSettings = {
				ASSETCATALOG_COMPILER_APPICON_NAME = AppIcon;
				CODE_SIGN_ENTITLEMENTS = cozy/cozy.entitlements;
				CODE_SIGN_STYLE = Automatic;
				INFOPLIST_FILE = cozy/Info.plist;
				LD_RUNPATH_SEARCH_PATHS = (
					"$(inherited)",
					"@executable_path/Frameworks",
				);
				PRODUCT_BUNDLE_IDENTIFIER = com.cozycorp.yourcozy;
				PRODUCT_NAME = "$(TARGET_NAME)";
				SWIFT_VERSION = 5.0;
				TARGETED_DEVICE_FAMILY = "1,2";
			};
			name = Debug;
		};
		B646AF5A24EBFE4C00AC96A9 /* Release */ = {
			isa = XCBuildConfiguration;
			baseConfigurationReference = CA7DFC0B5E1415E78B0B9654 /* Pods-cozy.release.xcconfig */;
			buildSettings = {
				ASSETCATALOG_COMPILER_APPICON_NAME = AppIcon;
				CODE_SIGN_ENTITLEMENTS = cozy/cozy.entitlements;
				CODE_SIGN_STYLE = Automatic;
				INFOPLIST_FILE = cozy/Info.plist;
				LD_RUNPATH_SEARCH_PATHS = (
					"$(inherited)",
					"@executable_path/Frameworks",
				);
				PRODUCT_BUNDLE_IDENTIFIER = com.cozycorp.yourcozy;
				PRODUCT_NAME = "$(TARGET_NAME)";
				SWIFT_VERSION = 5.0;
				TARGETED_DEVICE_FAMILY = "1,2";
			};
			name = Release;
		};
/* End XCBuildConfiguration section */

/* Begin XCConfigurationList section */
		B646AF3C24EBFE4B00AC96A9 /* Build configuration list for PBXProject "cozy" */ = {
			isa = XCConfigurationList;
			buildConfigurations = (
				B646AF5624EBFE4C00AC96A9 /* Debug */,
				B646AF5724EBFE4C00AC96A9 /* Release */,
			);
			defaultConfigurationIsVisible = 0;
			defaultConfigurationName = Release;
		};
		B646AF5824EBFE4C00AC96A9 /* Build configuration list for PBXNativeTarget "cozy" */ = {
			isa = XCConfigurationList;
			buildConfigurations = (
				B646AF5924EBFE4C00AC96A9 /* Debug */,
				B646AF5A24EBFE4C00AC96A9 /* Release */,
			);
			defaultConfigurationIsVisible = 0;
			defaultConfigurationName = Release;
		};
/* End XCConfigurationList section */

/* Begin XCVersionGroup section */
		B646AF4D24EBFE4B00AC96A9 /* cozy.xcdatamodeld */ = {
			isa = XCVersionGroup;
			children = (
				B646AF4E24EBFE4B00AC96A9 /* cozy.xcdatamodel */,
			);
			currentVersion = B646AF4E24EBFE4B00AC96A9 /* cozy.xcdatamodel */;
			path = cozy.xcdatamodeld;
			sourceTree = "<group>";
			versionGroupType = wrapper.xcdatamodel;
		};
/* End XCVersionGroup section */
	};
	rootObject = B646AF3924EBFE4B00AC96A9 /* Project object */;
}
